<?xml version="1.0" encoding="utf-8"?>
<Project ToolsVersion="4.0" xmlns="http://schemas.microsoft.com/developer/msbuild/2003">
  <ItemGroup>
    <Filter Include="Source Files">
      <UniqueIdentifier>{4FC737F1-C7A5-4376-A066-2A32D752A2FF}</UniqueIdentifier>
      <Extensions>cpp;c;cc;cxx;c++;cppm;ixx;def;odl;idl;hpj;bat;asm;asmx</Extensions>
    </Filter>
    <Filter Include="Header Files">
      <UniqueIdentifier>{93995380-89BD-4b04-88EB-625FBE52EBFB}</UniqueIdentifier>
      <Extensions>h;hh;hpp;hxx;h++;hm;inl;inc;ipp;xsd</Extensions>
    </Filter>
    <Filter Include="Resource Files">
      <UniqueIdentifier>{67DA6AB6-F800-4c08-8B7A-83BB121AAD01}</UniqueIdentifier>
      <Extensions>rc;ico;cur;bmp;dlg;rc2;rct;bin;rgs;gif;jpg;jpeg;jpe;resx;tiff;tif;png;wav;mfcribbon-ms</Extensions>
    </Filter>
  </ItemGroup>
  <ItemGroup>
    <ClInclude Include="src\DLEngine\Core\Window.h">
      <Filter>Header Files</Filter>
    </ClInclude>
    <ClInclude Include="src\DLEngine\Math\Primitives.h">
      <Filter>Header Files</Filter>
    </ClInclude>
    <ClInclude Include="src\DLEngine\Utils\Timer.h">
      <Filter>Header Files</Filter>
    </ClInclude>
    <ClInclude Include="src\dlpch.h">
      <Filter>Header Files</Filter>
    </ClInclude>
    <ClInclude Include="src\DLEngine\Core\Base.h">
      <Filter>Header Files</Filter>
    </ClInclude>
    <ClInclude Include="src\DLEngine\Core\Input.h">
      <Filter>Header Files</Filter>
    </ClInclude>
    <ClInclude Include="src\DLEngine\Core\Application.h">
      <Filter>Header Files</Filter>
    </ClInclude>
    <ClInclude Include="src\DLEngine\Core\LayerStack.h">
      <Filter>Header Files</Filter>
    </ClInclude>
    <ClInclude Include="src\DLEngine\Core\Layer.h">
      <Filter>Header Files</Filter>
    </ClInclude>
    <ClInclude Include="src\DLEngine\Core\EntryPoint.h">
      <Filter>Header Files</Filter>
    </ClInclude>
    <ClInclude Include="src\DLEngine\Core\Events\Event.h">
      <Filter>Header Files</Filter>
    </ClInclude>
    <ClInclude Include="src\DLEngine\Core\Events\ApplicationEvent.h">
      <Filter>Header Files</Filter>
    </ClInclude>
    <ClInclude Include="src\DLEngine\Core\Events\KeyEvent.h">
      <Filter>Header Files</Filter>
    </ClInclude>
    <ClInclude Include="src\DLEngine\Core\Events\MouseEvent.h">
      <Filter>Header Files</Filter>
    </ClInclude>
    <ClInclude Include="src\DLEngine\Math\Vec3.h">
      <Filter>Header Files</Filter>
    </ClInclude>
    <ClInclude Include="src\DLEngine\Math\Vec2.h">
      <Filter>Header Files</Filter>
    </ClInclude>
    <ClInclude Include="src\DLEngine\Math\Vec4.h">
      <Filter>Header Files</Filter>
    </ClInclude>
    <ClInclude Include="src\DLEngine\Math\Mat4x4.h">
      <Filter>Header Files</Filter>
    </ClInclude>
    <ClInclude Include="src\DLEngine\Math\Math.h">
      <Filter>Header Files</Filter>
    </ClInclude>
    <ClInclude Include="src\DLEngine\Math\Intersections.h">
      <Filter>Header Files</Filter>
    </ClInclude>
    <ClInclude Include="src\DLEngine\Core\DLWin.h">
      <Filter>Header Files</Filter>
    </ClInclude>
    <ClInclude Include="src\DLEngine\Core\DLException.h">
      <Filter>Header Files</Filter>
    </ClInclude>
    <ClInclude Include="src\DLEngine\DirectX\DXGIInfoQueue.h">
      <Filter>Header Files</Filter>
    </ClInclude>
    <ClInclude Include="src\DLEngine\Core\Log.h">
      <Filter>Header Files</Filter>
    </ClInclude>
    <ClInclude Include="src\DLEngine\Utils\DeltaTime.h">
      <Filter>Header Files</Filter>
    </ClInclude>
    <ClInclude Include="src\DLEngine\Math\Distance.h">
      <Filter>Header Files</Filter>
    </ClInclude>
    <ClInclude Include="src\DLEngine\DirectX\Binder.h">
      <Filter>Header Files</Filter>
    </ClInclude>
    <ClInclude Include="src\DLEngine\Utils\RandomGenerator.h">
      <Filter>Header Files</Filter>
    </ClInclude>
    <ClInclude Include="src\DLEngine\Core\solid_vector.h">
      <Filter>Header Files</Filter>
    </ClInclude>
    <ClInclude Include="src\DLEngine\Renderer\Camera.h">
      <Filter>Header Files</Filter>
    </ClInclude>
    <ClInclude Include="src\DLEngine\Renderer\CameraController.h">
      <Filter>Header Files</Filter>
    </ClInclude>
    <ClInclude Include="src\DLEngine\Renderer\Renderer.h">
      <Filter>Header Files</Filter>
    </ClInclude>
    <ClInclude Include="src\DLEngine\Core\ImGuiLayer.h">
      <Filter>Header Files</Filter>
    </ClInclude>
    <ClInclude Include="src\DLEngine\Renderer\VertexBuffer.h">
      <Filter>Header Files</Filter>
    </ClInclude>
    <ClInclude Include="src\DLEngine\Core\Buffer.h">
      <Filter>Header Files</Filter>
    </ClInclude>
    <ClInclude Include="src\DLEngine\DirectX\D3D11VertexBuffer.h">
      <Filter>Header Files</Filter>
    </ClInclude>
    <ClInclude Include="src\DLEngine\Renderer\RendererContext.h">
      <Filter>Header Files</Filter>
    </ClInclude>
    <ClInclude Include="src\DLEngine\DirectX\D3D11Context.h">
      <Filter>Header Files</Filter>
    </ClInclude>
    <ClInclude Include="src\DLEngine\DirectX\D3D11SwapChain.h">
      <Filter>Header Files</Filter>
    </ClInclude>
    <ClInclude Include="src\DLEngine\Renderer\IndexBuffer.h">
      <Filter>Header Files</Filter>
    </ClInclude>
    <ClInclude Include="src\DLEngine\DirectX\D3D11IndexBuffer.h">
      <Filter>Header Files</Filter>
    </ClInclude>
    <ClInclude Include="src\DLEngine\Renderer\ConstantBuffer.h">
      <Filter>Header Files</Filter>
    </ClInclude>
    <ClInclude Include="src\DLEngine\DirectX\D3D11ConstantBuffer.h">
      <Filter>Header Files</Filter>
    </ClInclude>
    <ClInclude Include="src\DLEngine\Renderer\Texture.h">
      <Filter>Header Files</Filter>
    </ClInclude>
    <ClInclude Include="src\DLEngine\DirectX\D3D11Texture.h">
      <Filter>Header Files</Filter>
    </ClInclude>
    <ClInclude Include="src\DLEngine\Renderer\Shader.h">
      <Filter>Header Files</Filter>
    </ClInclude>
    <ClInclude Include="src\DLEngine\DirectX\D3D11Shader.h">
      <Filter>Header Files</Filter>
    </ClInclude>
    <ClInclude Include="src\DLEngine\DirectX\D3D11ShaderCompiler.h">
      <Filter>Header Files</Filter>
    </ClInclude>
    <ClInclude Include="src\DLEngine\Renderer\ShaderInput.h">
      <Filter>Header Files</Filter>
    </ClInclude>
    <ClInclude Include="src\DLEngine\Renderer\Framebuffer.h">
      <Filter>Header Files</Filter>
    </ClInclude>
    <ClInclude Include="src\DLEngine\DirectX\D3D11Framebuffer.h">
      <Filter>Header Files</Filter>
    </ClInclude>
    <ClInclude Include="src\DLEngine\Core\Assert.h">
      <Filter>Header Files</Filter>
    </ClInclude>
    <ClInclude Include="src\DLEngine\Renderer\RendererAPI.h">
      <Filter>Header Files</Filter>
    </ClInclude>
    <ClInclude Include="src\DLEngine\DirectX\D3D11Renderer.h">
      <Filter>Header Files</Filter>
    </ClInclude>
    <ClInclude Include="src\DLEngine\Renderer\Scene.h">
      <Filter>Header Files</Filter>
    </ClInclude>
    <ClInclude Include="src\DLEngine\Renderer\Pipeline.h">
      <Filter>Header Files</Filter>
    </ClInclude>
    <ClInclude Include="src\DLEngine\DirectX\D3D11Pipeline.h">
      <Filter>Header Files</Filter>
    </ClInclude>
    <ClInclude Include="src\DLEngine\Renderer\Sampler.h">
      <Filter>Header Files</Filter>
    </ClInclude>
    <ClInclude Include="src\DLEngine\Renderer\Common.h">
      <Filter>Header Files</Filter>
    </ClInclude>
    <ClInclude Include="src\DLEngine\DirectX\D3D11Common.h">
      <Filter>Header Files</Filter>
    </ClInclude>
    <ClInclude Include="src\DLEngine\Renderer\Mesh\Mesh.h">
      <Filter>Header Files</Filter>
    </ClInclude>
    <ClInclude Include="src\DLEngine\Renderer\Mesh\TriangleOctree.h">
      <Filter>Header Files</Filter>
    </ClInclude>
    <ClInclude Include="src\DLEngine\Renderer\Material.h">
      <Filter>Header Files</Filter>
    </ClInclude>
    <ClInclude Include="src\DLEngine\DirectX\D3D11Material.h">
      <Filter>Header Files</Filter>
    </ClInclude>
    <ClInclude Include="src\DLEngine\Renderer\Instance.h">
      <Filter>Header Files</Filter>
    </ClInclude>
    <ClInclude Include="src\DLEngine\DirectX\D3D11Instance.h">
      <Filter>Header Files</Filter>
    </ClInclude>
    <ClInclude Include="src\DLEngine\Renderer\Mesh\MeshRegistry.h">
      <Filter>Header Files</Filter>
    </ClInclude>
    <ClInclude Include="src\DLEngine\Renderer\SceneRenderer.h">
      <Filter>Header Files</Filter>
    </ClInclude>
    <ClInclude Include="src\DLEngine\Renderer\IDragger.h">
      <Filter>Header Files</Filter>
    </ClInclude>
    <ClInclude Include="src\DLEngine\Renderer\StructuredBuffer.h">
      <Filter>Header Files</Filter>
    </ClInclude>
    <ClInclude Include="src\DLEngine\DirectX\D3D11StructuredBuffer.h">
      <Filter>Header Files</Filter>
    </ClInclude>
    <ClInclude Include="src\DLEngine\Utils\RadixSort.h">
      <Filter>Header Files</Filter>
    </ClInclude>
  </ItemGroup>
  <ItemGroup>
    <ClCompile Include="src\DLEngine\Core\Window.cpp">
      <Filter>Source Files</Filter>
    </ClCompile>
    <ClCompile Include="src\dlpch.cpp">
      <Filter>Source Files</Filter>
    </ClCompile>
    <ClCompile Include="src\DLEngine\Core\Input.cpp">
      <Filter>Source Files</Filter>
    </ClCompile>
    <ClCompile Include="src\DLEngine\Core\Application.cpp">
      <Filter>Source Files</Filter>
    </ClCompile>
    <ClCompile Include="src\DLEngine\Core\LayerStack.cpp">
      <Filter>Source Files</Filter>
    </ClCompile>
    <ClCompile Include="src\DLEngine\Core\DLException.cpp">
      <Filter>Source Files</Filter>
    </ClCompile>
    <ClCompile Include="src\DLEngine\DirectX\DXGIInfoQueue.cpp">
      <Filter>Source Files</Filter>
    </ClCompile>
    <ClCompile Include="src\DLEngine\Core\Log.cpp">
      <Filter>Source Files</Filter>
    </ClCompile>
    <ClCompile Include="src\DLEngine\Renderer\Camera.cpp">
      <Filter>Source Files</Filter>
    </ClCompile>
    <ClCompile Include="src\DLEngine\Renderer\CameraController.cpp">
      <Filter>Source Files</Filter>
    </ClCompile>
    <ClCompile Include="src\DLEngine\Renderer\Renderer.cpp">
      <Filter>Source Files</Filter>
    </ClCompile>
    <ClCompile Include="src\DLEngine\Core\ImGuiLayer.cpp">
      <Filter>Source Files</Filter>
    </ClCompile>
    <ClCompile Include="src\DLEngine\Renderer\VertexBuffer.cpp">
      <Filter>Source Files</Filter>
    </ClCompile>
    <ClCompile Include="src\DLEngine\DirectX\D3D11VertexBuffer.cpp">
      <Filter>Source Files</Filter>
    </ClCompile>
    <ClCompile Include="src\DLEngine\Renderer\RendererContext.cpp">
      <Filter>Source Files</Filter>
    </ClCompile>
    <ClCompile Include="src\DLEngine\DirectX\D3D11Context.cpp">
      <Filter>Source Files</Filter>
    </ClCompile>
    <ClCompile Include="src\DLEngine\DirectX\D3D11SwapChain.cpp">
      <Filter>Source Files</Filter>
    </ClCompile>
    <ClCompile Include="src\DLEngine\Renderer\IndexBuffer.cpp">
      <Filter>Source Files</Filter>
    </ClCompile>
    <ClCompile Include="src\DLEngine\DirectX\D3D11IndexBuffer.cpp">
      <Filter>Source Files</Filter>
    </ClCompile>
    <ClCompile Include="src\DLEngine\Renderer\ConstantBuffer.cpp">
      <Filter>Source Files</Filter>
    </ClCompile>
    <ClCompile Include="src\DLEngine\DirectX\D3D11ConstantBuffer.cpp">
      <Filter>Source Files</Filter>
    </ClCompile>
    <ClCompile Include="src\DLEngine\Renderer\Texture.cpp">
      <Filter>Source Files</Filter>
    </ClCompile>
    <ClCompile Include="src\DLEngine\DirectX\D3D11Texture.cpp">
      <Filter>Source Files</Filter>
    </ClCompile>
    <ClCompile Include="src\DLEngine\Renderer\Shader.cpp">
      <Filter>Source Files</Filter>
    </ClCompile>
    <ClCompile Include="src\DLEngine\DirectX\D3D11Shader.cpp">
      <Filter>Source Files</Filter>
    </ClCompile>
    <ClCompile Include="src\DLEngine\DirectX\D3D11ShaderCompiler.cpp">
      <Filter>Source Files</Filter>
    </ClCompile>
    <ClCompile Include="src\DLEngine\Renderer\Framebuffer.cpp">
      <Filter>Source Files</Filter>
    </ClCompile>
    <ClCompile Include="src\DLEngine\DirectX\D3D11Framebuffer.cpp">
      <Filter>Source Files</Filter>
    </ClCompile>
    <ClCompile Include="src\DLEngine\DirectX\D3D11Renderer.cpp">
      <Filter>Source Files</Filter>
    </ClCompile>
    <ClCompile Include="src\DLEngine\Renderer\Pipeline.cpp">
      <Filter>Source Files</Filter>
    </ClCompile>
    <ClCompile Include="src\DLEngine\DirectX\D3D11Pipeline.cpp">
      <Filter>Source Files</Filter>
    </ClCompile>
    <ClCompile Include="src\DLEngine\Renderer\Mesh\Mesh.cpp">
      <Filter>Source Files</Filter>
    </ClCompile>
    <ClCompile Include="src\DLEngine\Renderer\Mesh\TriangleOctree.cpp">
      <Filter>Source Files</Filter>
    </ClCompile>
    <ClCompile Include="src\DLEngine\Renderer\Material.cpp">
      <Filter>Source Files</Filter>
    </ClCompile>
    <ClCompile Include="src\DLEngine\DirectX\D3D11Material.cpp">
      <Filter>Source Files</Filter>
    </ClCompile>
    <ClCompile Include="src\DLEngine\Renderer\Instance.cpp">
      <Filter>Source Files</Filter>
    </ClCompile>
    <ClCompile Include="src\DLEngine\DirectX\D3D11Instance.cpp">
      <Filter>Source Files</Filter>
    </ClCompile>
    <ClCompile Include="src\DLEngine\Renderer\Mesh\MeshRegistry.cpp">
      <Filter>Source Files</Filter>
    </ClCompile>
    <ClCompile Include="src\DLEngine\Renderer\Scene.cpp">
      <Filter>Source Files</Filter>
    </ClCompile>
    <ClCompile Include="src\DLEngine\Renderer\SceneRenderer.cpp">
      <Filter>Source Files</Filter>
    </ClCompile>
    <ClCompile Include="src\DLEngine\Math\Mat4x4.cpp">
      <Filter>Source Files</Filter>
    </ClCompile>
    <ClCompile Include="src\DLEngine\Math\Vec4.cpp">
      <Filter>Source Files</Filter>
    </ClCompile>
    <ClCompile Include="src\DLEngine\Math\Vec3.cpp">
      <Filter>Source Files</Filter>
    </ClCompile>
    <ClCompile Include="src\DLEngine\Math\Vec2.cpp">
      <Filter>Source Files</Filter>
    </ClCompile>
    <ClCompile Include="src\DLEngine\Math\Math.cpp">
      <Filter>Source Files</Filter>
    </ClCompile>
    <ClCompile Include="src\DLEngine\Math\Intersections.cpp">
      <Filter>Source Files</Filter>
    </ClCompile>
    <ClCompile Include="src\DLEngine\Math\Distance.cpp">
      <Filter>Source Files</Filter>
    </ClCompile>
    <ClCompile Include="src\DLEngine\Renderer\StructuredBuffer.cpp">
      <Filter>Source Files</Filter>
    </ClCompile>
    <ClCompile Include="src\DLEngine\DirectX\D3D11StructuredBuffer.cpp">
      <Filter>Source Files</Filter>
    </ClCompile>
  </ItemGroup>
  <ItemGroup>
    <None Include="src\DLEngine\Shaders\Include\Buffers.hlsli" />
    <None Include="src\DLEngine\Shaders\Include\Common.hlsli" />
    <None Include="src\DLEngine\Shaders\Include\PBR.hlsli" />
    <None Include="src\DLEngine\Shaders\Include\PBR_Resources.hlsli" />
    <None Include="src\DLEngine\Shaders\Include\ShadowMapping.hlsli" />
    <None Include="src\DLEngine\Shaders\Include\Lighting.hlsli" />
  </ItemGroup>
  <ItemGroup>
    <FxCompile Include="src\DLEngine\Shaders\Include\Samplers.hlsli" />
    <FxCompile Include="src\DLEngine\Shaders\TextureOnly.hlsl" />
    <FxCompile Include="src\DLEngine\Shaders\Skybox.hlsl" />
    <FxCompile Include="src\DLEngine\Shaders\PostProcess.hlsl" />
    <FxCompile Include="src\DLEngine\Shaders\Emission.hlsl" />
    <FxCompile Include="src\DLEngine\Shaders\BRDFLUT.hlsl" />
    <FxCompile Include="src\DLEngine\Shaders\Include\EnvironmentMapping.hlsli" />
    <FxCompile Include="src\DLEngine\Shaders\EnvironmentIrradiance.hlsl" />
    <FxCompile Include="src\DLEngine\Shaders\PrefilteredEnvironment.hlsl" />
    <FxCompile Include="src\DLEngine\Shaders\DirectionalLightShadowMap.hlsl" />
    <FxCompile Include="src\DLEngine\Shaders\OmnidirectionalLightShadowMap.hlsl" />
    <FxCompile Include="src\DLEngine\Shaders\PBR_Static.hlsl" />
    <FxCompile Include="src\DLEngine\Shaders\PBR_Static_Dissolution.hlsl" />
    <FxCompile Include="src\DLEngine\Shaders\SmokeParticle.hlsl" />
    <FxCompile Include="src\DLEngine\Shaders\MaxDepth.hlsl" />
  </ItemGroup>
</Project>