<?xml version="1.0" encoding="utf-8"?>
<Project ToolsVersion="4.0" xmlns="http://schemas.microsoft.com/developer/msbuild/2003">
  <ItemGroup>
    <Filter Include="Source Files">
      <UniqueIdentifier>{4FC737F1-C7A5-4376-A066-2A32D752A2FF}</UniqueIdentifier>
      <Extensions>cpp;c;cc;cxx;c++;cppm;ixx;def;odl;idl;hpj;bat;asm;asmx</Extensions>
    </Filter>
    <Filter Include="Header Files">
      <UniqueIdentifier>{93995380-89BD-4b04-88EB-625FBE52EBFB}</UniqueIdentifier>
      <Extensions>h;hh;hpp;hxx;h++;hm;inl;inc;ipp;xsd</Extensions>
    </Filter>
    <Filter Include="Resource Files">
      <UniqueIdentifier>{67DA6AB6-F800-4c08-8B7A-83BB121AAD01}</UniqueIdentifier>
      <Extensions>rc;ico;cur;bmp;dlg;rc2;rct;bin;rgs;gif;jpg;jpeg;jpe;resx;tiff;tif;png;wav;mfcribbon-ms</Extensions>
    </Filter>
  </ItemGroup>
  <ItemGroup>
    <ClInclude Include="src\DLEngine\Core\Window.h">
      <Filter>Header Files</Filter>
    </ClInclude>
    <ClInclude Include="src\DLEngine\Renderer\Renderer.h">
      <Filter>Header Files</Filter>
    </ClInclude>
    <ClInclude Include="src\DLEngine\Math\Primitives.h">
      <Filter>Header Files</Filter>
    </ClInclude>
    <ClInclude Include="src\DLEngine\Utils\Timer.h">
      <Filter>Header Files</Filter>
    </ClInclude>
    <ClInclude Include="src\dlpch.h">
      <Filter>Header Files</Filter>
    </ClInclude>
    <ClInclude Include="src\DLEngine\Core\Base.h">
      <Filter>Header Files</Filter>
    </ClInclude>
    <ClInclude Include="src\DLEngine\Core\Input.h">
      <Filter>Header Files</Filter>
    </ClInclude>
    <ClInclude Include="src\DLEngine\Core\Application.h">
      <Filter>Header Files</Filter>
    </ClInclude>
    <ClInclude Include="src\DLEngine\Core\LayerStack.h">
      <Filter>Header Files</Filter>
    </ClInclude>
    <ClInclude Include="src\DLEngine\Core\Layer.h">
      <Filter>Header Files</Filter>
    </ClInclude>
    <ClInclude Include="src\DLEngine\Core\EntryPoint.h">
      <Filter>Header Files</Filter>
    </ClInclude>
    <ClInclude Include="src\DLEngine\Core\Events\Event.h">
      <Filter>Header Files</Filter>
    </ClInclude>
    <ClInclude Include="src\DLEngine\Core\Events\ApplicationEvent.h">
      <Filter>Header Files</Filter>
    </ClInclude>
    <ClInclude Include="src\DLEngine\Core\Events\KeyEvent.h">
      <Filter>Header Files</Filter>
    </ClInclude>
    <ClInclude Include="src\DLEngine\Core\Events\MouseEvent.h">
      <Filter>Header Files</Filter>
    </ClInclude>
    <ClInclude Include="src\DLEngine\Math\Vec3.h">
      <Filter>Header Files</Filter>
    </ClInclude>
    <ClInclude Include="src\DLEngine\Math\Vec2.h">
      <Filter>Header Files</Filter>
    </ClInclude>
    <ClInclude Include="src\DLEngine\Math\Vec4.h">
      <Filter>Header Files</Filter>
    </ClInclude>
    <ClInclude Include="src\DLEngine\Math\Mat4x4.h">
      <Filter>Header Files</Filter>
    </ClInclude>
    <ClInclude Include="src\DLEngine\Renderer\Camera.h">
      <Filter>Header Files</Filter>
    </ClInclude>
    <ClInclude Include="src\DLEngine\Renderer\CameraController.h">
      <Filter>Header Files</Filter>
    </ClInclude>
    <ClInclude Include="src\DLEngine\Math\Math.h">
      <Filter>Header Files</Filter>
    </ClInclude>
    <ClInclude Include="src\DLEngine\Renderer\Mesh.h">
      <Filter>Header Files</Filter>
    </ClInclude>
    <ClInclude Include="src\DLEngine\Math\Intersections.h">
      <Filter>Header Files</Filter>
    </ClInclude>
    <ClInclude Include="src\DLEngine\Renderer\TriangleOctree.h">
      <Filter>Header Files</Filter>
    </ClInclude>
    <ClInclude Include="src\DLEngine\Renderer\Material.h">
      <Filter>Header Files</Filter>
    </ClInclude>
    <ClInclude Include="src\DLEngine\Renderer\Light.h">
      <Filter>Header Files</Filter>
    </ClInclude>
    <ClInclude Include="src\DLEngine\Renderer\Entity.h">
      <Filter>Header Files</Filter>
    </ClInclude>
    <ClInclude Include="src\DLEngine\Renderer\IDragger.h">
      <Filter>Header Files</Filter>
    </ClInclude>
    <ClInclude Include="src\DLEngine\Core\DLWin.h">
      <Filter>Header Files</Filter>
    </ClInclude>
    <ClInclude Include="src\DLEngine\Core\DLException.h">
      <Filter>Header Files</Filter>
    </ClInclude>
    <ClInclude Include="src\DLEngine\DirectX\D3D.h">
      <Filter>Header Files</Filter>
    </ClInclude>
    <ClInclude Include="src\DLEngine\DirectX\Shaders.h">
      <Filter>Header Files</Filter>
    </ClInclude>
    <ClInclude Include="src\DLEngine\DirectX\ConstantBuffers.h">
      <Filter>Header Files</Filter>
    </ClInclude>
    <ClInclude Include="src\DLEngine\DirectX\VertexBuffer.h">
      <Filter>Header Files</Filter>
    </ClInclude>
    <ClInclude Include="src\DLEngine\DirectX\InputLayout.h">
      <Filter>Header Files</Filter>
    </ClInclude>
    <ClInclude Include="src\DLEngine\DirectX\DXGIInfoQueue.h">
      <Filter>Header Files</Filter>
    </ClInclude>
    <ClInclude Include="src\DLEngine\Core\Log.h">
      <Filter>Header Files</Filter>
    </ClInclude>
    <ClInclude Include="src\DLEngine\Core\Engine.h">
      <Filter>Header Files</Filter>
    </ClInclude>
    <ClInclude Include="src\DLEngine\DirectX\IndexBuffer.h">
      <Filter>Header Files</Filter>
    </ClInclude>
    <ClInclude Include="src\DLEngine\DirectX\BufferLayout.h">
      <Filter>Header Files</Filter>
    </ClInclude>
    <ClInclude Include="src\DLEngine\Renderer\Model.h">
      <Filter>Header Files</Filter>
    </ClInclude>
    <ClInclude Include="src\DLEngine\Utils\DeltaTime.h">
      <Filter>Header Files</Filter>
    </ClInclude>
    <ClInclude Include="src\DLEngine\Renderer\ModelManager.h">
      <Filter>Header Files</Filter>
    </ClInclude>
    <ClInclude Include="src\DLEngine\Math\Distance.h">
      <Filter>Header Files</Filter>
    </ClInclude>
    <ClInclude Include="src\DLEngine\Renderer\MeshSystem.h">
      <Filter>Header Files</Filter>
    </ClInclude>
    <ClInclude Include="src\DLEngine\Renderer\NormalVisGroup.h">
      <Filter>Header Files</Filter>
    </ClInclude>
    <ClInclude Include="src\DLEngine\Renderer\HologramGroup.h">
      <Filter>Header Files</Filter>
    </ClInclude>
  </ItemGroup>
  <ItemGroup>
    <ClCompile Include="src\DLEngine\Core\Window.cpp">
      <Filter>Source Files</Filter>
    </ClCompile>
    <ClCompile Include="src\DLEngine\Renderer\Renderer.cpp">
      <Filter>Source Files</Filter>
    </ClCompile>
    <ClCompile Include="src\dlpch.cpp">
      <Filter>Source Files</Filter>
    </ClCompile>
    <ClCompile Include="src\DLEngine\Core\Input.cpp">
      <Filter>Source Files</Filter>
    </ClCompile>
    <ClCompile Include="src\DLEngine\Core\Application.cpp">
      <Filter>Source Files</Filter>
    </ClCompile>
    <ClCompile Include="src\DLEngine\Core\LayerStack.cpp">
      <Filter>Source Files</Filter>
    </ClCompile>
    <ClCompile Include="src\DLEngine\Renderer\Camera.cpp">
      <Filter>Source Files</Filter>
    </ClCompile>
    <ClCompile Include="src\DLEngine\Renderer\CameraController.cpp">
      <Filter>Source Files</Filter>
    </ClCompile>
    <ClCompile Include="src\DLEngine\Renderer\Mesh.cpp">
      <Filter>Source Files</Filter>
    </ClCompile>
    <ClCompile Include="src\DLEngine\Renderer\TriangleOctree.cpp">
      <Filter>Source Files</Filter>
    </ClCompile>
    <ClCompile Include="src\DLEngine\Renderer\Material.cpp">
      <Filter>Source Files</Filter>
    </ClCompile>
    <ClCompile Include="src\DLEngine\Renderer\IDragger.cpp">
      <Filter>Source Files</Filter>
    </ClCompile>
    <ClCompile Include="src\DLEngine\Core\DLException.cpp">
      <Filter>Source Files</Filter>
    </ClCompile>
    <ClCompile Include="src\DLEngine\DirectX\D3D.cpp">
      <Filter>Source Files</Filter>
    </ClCompile>
    <ClCompile Include="src\DLEngine\DirectX\Shaders.cpp">
      <Filter>Source Files</Filter>
    </ClCompile>
    <ClCompile Include="src\DLEngine\DirectX\VertexBuffer.cpp">
      <Filter>Source Files</Filter>
    </ClCompile>
    <ClCompile Include="src\DLEngine\DirectX\InputLayout.cpp">
      <Filter>Source Files</Filter>
    </ClCompile>
    <ClCompile Include="src\DLEngine\DirectX\DXGIInfoQueue.cpp">
      <Filter>Source Files</Filter>
    </ClCompile>
    <ClCompile Include="src\DLEngine\Core\Log.cpp">
      <Filter>Source Files</Filter>
    </ClCompile>
    <ClCompile Include="src\DLEngine\Core\Engine.cpp">
      <Filter>Source Files</Filter>
    </ClCompile>
    <ClCompile Include="src\DLEngine\DirectX\IndexBuffer.cpp">
      <Filter>Source Files</Filter>
    </ClCompile>
    <ClCompile Include="src\DLEngine\Renderer\Model.cpp">
      <Filter>Source Files</Filter>
    </ClCompile>
    <ClCompile Include="src\DLEngine\Renderer\ModelManager.cpp">
      <Filter>Source Files</Filter>
    </ClCompile>
    <ClCompile Include="src\DLEngine\Renderer\MeshSystem.cpp">
      <Filter>Source Files</Filter>
    </ClCompile>
    <ClCompile Include="src\DLEngine\Renderer\NormalVisGroup.cpp">
      <Filter>Source Files</Filter>
    </ClCompile>
    <ClCompile Include="src\DLEngine\Renderer\HologramGroup.cpp">
      <Filter>Source Files</Filter>
    </ClCompile>
  </ItemGroup>
  <ItemGroup>
    <None Include="src\DLEngine\Math\Vec3.inl">
      <Filter>Header Files</Filter>
    </None>
    <None Include="src\DLEngine\Math\Vec2.inl">
      <Filter>Header Files</Filter>
    </None>
    <None Include="src\DLEngine\Math\Vec4.inl">
      <Filter>Header Files</Filter>
    </None>
    <None Include="src\DLEngine\Math\Mat4x4.inl">
      <Filter>Header Files</Filter>
    </None>
    <None Include="src\DLEngine\Math\Intersections.inl">
      <Filter>Header Files</Filter>
    </None>
    <None Include="src\DLEngine\Math\Math.inl">
      <Filter>Header Files</Filter>
    </None>
    <None Include="src\DLEngine\Math\Distance.inl">
      <Filter>Header Files</Filter>
    </None>
  </ItemGroup>
  <ItemGroup>
    <FxCompile Include="src\DLEngine\Shaders\NormalVis.vs.hlsl" />
    <FxCompile Include="src\DLEngine\Shaders\NormalVis.ps.hlsl" />
    <FxCompile Include="src\DLEngine\Shaders\Hologram.vs.hlsl" />
    <FxCompile Include="src\DLEngine\Shaders\Hologram.ps.hlsl" />
  </ItemGroup>
</Project>